
Microsoft Visual Studio Solution File, Format Version 12.00
# Visual Studio Version 17
VisualStudioVersion = 17.10.35201.131
MinimumVisualStudioVersion = 10.0.40219.1
Project("{FAE04EC0-301F-11D3-BF4B-00C04F79EFBC}") = "SnMiddlewareProto01", "SnMiddlewareProto01\SnMiddlewareProto01.csproj", "{BAF24612-CBC1-44B6-9143-3C3541C057DA}"
EndProject
Global
	GlobalSection(SolutionConfigurationPlatforms) = preSolution
		Debug|Any CPU = Debug|Any CPU
		Release|Any CPU = Release|Any CPU
	EndGlobalSection
	GlobalSection(ProjectConfigurationPlatforms) = postSolution
		{BAF24612-CBC1-44B6-9143-3C3541C057DA}.Debug|Any CPU.ActiveCfg = Debug|Any CPU
		{BAF24612-CBC1-44B6-9143-3C3541C057DA}.Debug|Any CPU.Build.0 = Debug|Any CPU
		{BAF24612-CBC1-44B6-9143-3C3541C057DA}.Release|Any CPU.ActiveCfg = Release|Any CPU
		{BAF24612-CBC1-44B6-9143-3C3541C057DA}.Release|Any CPU.Build.0 = Release|Any CPU
	EndGlobalSection
	GlobalSection(SolutionProperties) = preSolution
		HideSolutionNode = FALSE
	EndGlobalSection
	GlobalSection(ExtensibilityGlobals) = postSolution
		SolutionGuid = {866DDFAF-E889-4DB3-A801-2BAE8CD1527E}
	EndGlobalSection
EndGlobal
